
Microsoft Visual Studio Solution File, Format Version 12.00
# Visual Studio Version 17
VisualStudioVersion = 17.11.35312.102
MinimumVisualStudioVersion = 10.0.40219.1
Project("{FAE04EC0-301F-11D3-BF4B-00C04F79EFBC}") = "RoleJwtApi1", "RoleJwtApi1\RoleJwtApi1.csproj", "{10BE4E01-31A7-46D8-97F6-E8081BAAA7CE}"
EndProject
Global
	GlobalSection(SolutionConfigurationPlatforms) = preSolution
		Debug|Any CPU = Debug|Any CPU
		Release|Any CPU = Release|Any CPU
	EndGlobalSection
	GlobalSection(ProjectConfigurationPlatforms) = postSolution
		{10BE4E01-31A7-46D8-97F6-E8081BAAA7CE}.Debug|Any CPU.ActiveCfg = Debug|Any CPU
		{10BE4E01-31A7-46D8-97F6-E8081BAAA7CE}.Debug|Any CPU.Build.0 = Debug|Any CPU
		{10BE4E01-31A7-46D8-97F6-E8081BAAA7CE}.Release|Any CPU.ActiveCfg = Release|Any CPU
		{10BE4E01-31A7-46D8-97F6-E8081BAAA7CE}.Release|Any CPU.Build.0 = Release|Any CPU
	EndGlobalSection
	GlobalSection(SolutionProperties) = preSolution
		HideSolutionNode = FALSE
	EndGlobalSection
	GlobalSection(ExtensibilityGlobals) = postSolution
		SolutionGuid = {234581C2-0AD6-4607-A8F1-CA6880D2567A}
	EndGlobalSection
EndGlobal
